
Microsoft Visual Studio Solution File, Format Version 12.00
# Visual Studio Version 17
VisualStudioVersion = 17.0.31919.166
MinimumVisualStudioVersion = 10.0.40219.1
Project("{FAE04EC0-301F-11D3-BF4B-00C04F79EFBC}") = "Classes Exercise", "Classes Exercise\Classes Exercise.csproj", "{36726F94-5113-425F-94FE-F7B8EB81D1F1}"
EndProject
Global
	GlobalSection(SolutionConfigurationPlatforms) = preSolution
		Debug|Any CPU = Debug|Any CPU
		Release|Any CPU = Release|Any CPU
	EndGlobalSection
	GlobalSection(ProjectConfigurationPlatforms) = postSolution
		{36726F94-5113-425F-94FE-F7B8EB81D1F1}.Debug|Any CPU.ActiveCfg = Debug|Any CPU
		{36726F94-5113-425F-94FE-F7B8EB81D1F1}.Debug|Any CPU.Build.0 = Debug|Any CPU
		{36726F94-5113-425F-94FE-F7B8EB81D1F1}.Release|Any CPU.ActiveCfg = Release|Any CPU
		{36726F94-5113-425F-94FE-F7B8EB81D1F1}.Release|Any CPU.Build.0 = Release|Any CPU
	EndGlobalSection
	GlobalSection(SolutionProperties) = preSolution
		HideSolutionNode = FALSE
	EndGlobalSection
	GlobalSection(ExtensibilityGlobals) = postSolution
		SolutionGuid = {A8CA354A-4A19-42C0-B577-1DD22E531801}
	EndGlobalSection
EndGlobal
